
Microsoft Visual Studio Solution File, Format Version 12.00
# Visual Studio Version 17
VisualStudioVersion = 17.4.33103.184
MinimumVisualStudioVersion = 10.0.40219.1
Project("{FAE04EC0-301F-11D3-BF4B-00C04F79EFBC}") = "Event+", "Event+.csproj", "{221483CA-CF5C-4A48-9347-4FC0926BC2AB}"
EndProject
Global
	GlobalSection(SolutionConfigurationPlatforms) = preSolution
		Debug|Any CPU = Debug|Any CPU
		Release|Any CPU = Release|Any CPU
	EndGlobalSection
	GlobalSection(ProjectConfigurationPlatforms) = postSolution
		{221483CA-CF5C-4A48-9347-4FC0926BC2AB}.Debug|Any CPU.ActiveCfg = Debug|Any CPU
		{221483CA-CF5C-4A48-9347-4FC0926BC2AB}.Debug|Any CPU.Build.0 = Debug|Any CPU
		{221483CA-CF5C-4A48-9347-4FC0926BC2AB}.Release|Any CPU.ActiveCfg = Release|Any CPU
		{221483CA-CF5C-4A48-9347-4FC0926BC2AB}.Release|Any CPU.Build.0 = Release|Any CPU
	EndGlobalSection
	GlobalSection(SolutionProperties) = preSolution
		HideSolutionNode = FALSE
	EndGlobalSection
	GlobalSection(ExtensibilityGlobals) = postSolution
		SolutionGuid = {A00F071B-CB62-4415-8BE2-1C3FAE98E6BE}
	EndGlobalSection
EndGlobal
