
Microsoft Visual Studio Solution File, Format Version 12.00
# Visual Studio Version 17
VisualStudioVersion = 17.7.34031.279
MinimumVisualStudioVersion = 10.0.40219.1
Project("{FAE04EC0-301F-11D3-BF4B-00C04F79EFBC}") = "veiculos", "veiculos.csproj", "{A925C0D5-A93B-4E2B-BDA0-F7519F53F591}"
EndProject
Global
	GlobalSection(SolutionConfigurationPlatforms) = preSolution
		Debug|Any CPU = Debug|Any CPU
		Release|Any CPU = Release|Any CPU
	EndGlobalSection
	GlobalSection(ProjectConfigurationPlatforms) = postSolution
		{A925C0D5-A93B-4E2B-BDA0-F7519F53F591}.Debug|Any CPU.ActiveCfg = Debug|Any CPU
		{A925C0D5-A93B-4E2B-BDA0-F7519F53F591}.Debug|Any CPU.Build.0 = Debug|Any CPU
		{A925C0D5-A93B-4E2B-BDA0-F7519F53F591}.Release|Any CPU.ActiveCfg = Release|Any CPU
		{A925C0D5-A93B-4E2B-BDA0-F7519F53F591}.Release|Any CPU.Build.0 = Release|Any CPU
	EndGlobalSection
	GlobalSection(SolutionProperties) = preSolution
		HideSolutionNode = FALSE
	EndGlobalSection
	GlobalSection(ExtensibilityGlobals) = postSolution
		SolutionGuid = {C9808E76-9E63-4157-A14C-120C19F4F0A2}
	EndGlobalSection
EndGlobal
